
Microsoft Visual Studio Solution File, Format Version 12.00
# Visual Studio 15
VisualStudioVersion = 15.0.28307.705
MinimumVisualStudioVersion = 10.0.40219.1
Project("{FAE04EC0-301F-11D3-BF4B-00C04F79EFBC}") = "MVC(Vista)", "MVC(Vista)\MVC(Vista).csproj", "{3C90837E-4EFB-4FFB-A783-7F4D31C9B63B}"
EndProject
Project("{FAE04EC0-301F-11D3-BF4B-00C04F79EFBC}") = "MODELO", "MODELO\MODELO.csproj", "{017BE543-D056-42BF-BE21-C8D4295EB30F}"
EndProject
Project("{FAE04EC0-301F-11D3-BF4B-00C04F79EFBC}") = "CONTROLADOR", "CONTROLADOR\CONTROLADOR.csproj", "{3688EDA0-B9A8-4E18-9EEA-FF1BF57A1CD5}"
EndProject
Global
	GlobalSection(SolutionConfigurationPlatforms) = preSolution
		Debug|Any CPU = Debug|Any CPU
		Release|Any CPU = Release|Any CPU
	EndGlobalSection
	GlobalSection(ProjectConfigurationPlatforms) = postSolution
		{3C90837E-4EFB-4FFB-A783-7F4D31C9B63B}.Debug|Any CPU.ActiveCfg = Debug|Any CPU
		{3C90837E-4EFB-4FFB-A783-7F4D31C9B63B}.Debug|Any CPU.Build.0 = Debug|Any CPU
		{3C90837E-4EFB-4FFB-A783-7F4D31C9B63B}.Release|Any CPU.ActiveCfg = Release|Any CPU
		{3C90837E-4EFB-4FFB-A783-7F4D31C9B63B}.Release|Any CPU.Build.0 = Release|Any CPU
		{017BE543-D056-42BF-BE21-C8D4295EB30F}.Debug|Any CPU.ActiveCfg = Debug|Any CPU
		{017BE543-D056-42BF-BE21-C8D4295EB30F}.Debug|Any CPU.Build.0 = Debug|Any CPU
		{017BE543-D056-42BF-BE21-C8D4295EB30F}.Release|Any CPU.ActiveCfg = Release|Any CPU
		{017BE543-D056-42BF-BE21-C8D4295EB30F}.Release|Any CPU.Build.0 = Release|Any CPU
		{3688EDA0-B9A8-4E18-9EEA-FF1BF57A1CD5}.Debug|Any CPU.ActiveCfg = Debug|Any CPU
		{3688EDA0-B9A8-4E18-9EEA-FF1BF57A1CD5}.Debug|Any CPU.Build.0 = Debug|Any CPU
		{3688EDA0-B9A8-4E18-9EEA-FF1BF57A1CD5}.Release|Any CPU.ActiveCfg = Release|Any CPU
		{3688EDA0-B9A8-4E18-9EEA-FF1BF57A1CD5}.Release|Any CPU.Build.0 = Release|Any CPU
	EndGlobalSection
	GlobalSection(SolutionProperties) = preSolution
		HideSolutionNode = FALSE
	EndGlobalSection
	GlobalSection(ExtensibilityGlobals) = postSolution
		SolutionGuid = {CFC585D2-B3F8-4304-8D7B-218ADA076A8C}
	EndGlobalSection
EndGlobal
